
Microsoft Visual Studio Solution File, Format Version 12.00
# Visual Studio 2012
Project("{FAE04EC0-301F-11D3-BF4B-00C04F79EFBC}") = "Variables", "Variables\Variables.csproj", "{7F42F924-EE3F-4451-9D43-DF7F8EA07276}"
EndProject
Project("{FAE04EC0-301F-11D3-BF4B-00C04F79EFBC}") = "DataTypes", "DataTypes\DataTypes.csproj", "{93ECD0A8-FC2E-488D-8727-42A16C3FD97C}"
EndProject
Project("{FAE04EC0-301F-11D3-BF4B-00C04F79EFBC}") = "ExtensionMethods", "ExtensionMethods\ExtensionMethods.csproj", "{43D1D4C4-4478-40D5-BC13-E94677F5D51F}"
EndProject
Global
	GlobalSection(SolutionConfigurationPlatforms) = preSolution
		Debug|Any CPU = Debug|Any CPU
		Release|Any CPU = Release|Any CPU
	EndGlobalSection
	GlobalSection(ProjectConfigurationPlatforms) = postSolution
		{7F42F924-EE3F-4451-9D43-DF7F8EA07276}.Debug|Any CPU.ActiveCfg = Debug|Any CPU
		{7F42F924-EE3F-4451-9D43-DF7F8EA07276}.Debug|Any CPU.Build.0 = Debug|Any CPU
		{7F42F924-EE3F-4451-9D43-DF7F8EA07276}.Release|Any CPU.ActiveCfg = Release|Any CPU
		{7F42F924-EE3F-4451-9D43-DF7F8EA07276}.Release|Any CPU.Build.0 = Release|Any CPU
		{93ECD0A8-FC2E-488D-8727-42A16C3FD97C}.Debug|Any CPU.ActiveCfg = Debug|Any CPU
		{93ECD0A8-FC2E-488D-8727-42A16C3FD97C}.Debug|Any CPU.Build.0 = Debug|Any CPU
		{93ECD0A8-FC2E-488D-8727-42A16C3FD97C}.Release|Any CPU.ActiveCfg = Release|Any CPU
		{93ECD0A8-FC2E-488D-8727-42A16C3FD97C}.Release|Any CPU.Build.0 = Release|Any CPU
		{43D1D4C4-4478-40D5-BC13-E94677F5D51F}.Debug|Any CPU.ActiveCfg = Debug|Any CPU
		{43D1D4C4-4478-40D5-BC13-E94677F5D51F}.Debug|Any CPU.Build.0 = Debug|Any CPU
		{43D1D4C4-4478-40D5-BC13-E94677F5D51F}.Release|Any CPU.ActiveCfg = Release|Any CPU
		{43D1D4C4-4478-40D5-BC13-E94677F5D51F}.Release|Any CPU.Build.0 = Release|Any CPU
	EndGlobalSection
	GlobalSection(NestedProjects) = preSolution
	EndGlobalSection
EndGlobal
